
Microsoft Visual Studio Solution File, Format Version 12.00
# Visual Studio 15
VisualStudioVersion = 15.0.27130.2036
MinimumVisualStudioVersion = 10.0.40219.1
Project("{2150E333-8FDC-42A3-9474-1A3956D46DE8}") = "Solution Items", "Solution Items", "{4C0EFB77-3BEB-4B8A-9C4A-0D8D6F9ED134}"
	ProjectSection(SolutionItems) = preProject
		Local.testsettings = Local.testsettings
		Readme.txt = Readme.txt
	EndProjectSection
EndProject
Project("{9A19103F-16F7-4668-BE54-9A1E7A4F7556}") = "OutputConsole", "OutputConsole\OutputConsole.csproj", "{C3889FD6-DA24-4789-8F8F-40DA6F79DAEC}"
EndProject
Project("{FAE04EC0-301F-11D3-BF4B-00C04F79EFBC}") = "SFVersionTool", "SFVersionTool\SFVersionTool.csproj", "{C0358224-3109-4F78-8AE2-4B4D6EB1C78D}"
EndProject
Project("{9A19103F-16F7-4668-BE54-9A1E7A4F7556}") = "ExcelConsole", "ExcelConsole\ExcelConsole.csproj", "{50D84A35-7326-4262-9DE6-A09637F8AD62}"
EndProject
Project("{9A19103F-16F7-4668-BE54-9A1E7A4F7556}") = "TaskConsole", "TaskConsole\TaskConsole.csproj", "{5D745768-F9DD-40CB-A9F4-FE44C4062C06}"
EndProject
Project("{FAE04EC0-301F-11D3-BF4B-00C04F79EFBC}") = "ServiceFabricTemplateTool", "ServiceFabricTemplateTool\ServiceFabricTemplateTool.csproj", "{EA0D17DE-6269-4EBC-B15A-4E38136E3046}"
EndProject
Project("{9A19103F-16F7-4668-BE54-9A1E7A4F7556}") = "TableMegrateConsole", "TableMegrateConsole\TableMegrateConsole.csproj", "{2527182B-2101-4790-9DF3-280E21F6CDA1}"
EndProject
Project("{9A19103F-16F7-4668-BE54-9A1E7A4F7556}") = "UploadTransactionVoucherConsole", "UploadTransactionVoucherConsole\UploadTransactionVoucherConsole.csproj", "{DA387289-324F-4F76-A94B-8A753415D785}"
EndProject
Project("{9A19103F-16F7-4668-BE54-9A1E7A4F7556}") = "KCConsole", "KCConsole\KCConsole.csproj", "{E058E18E-FD0D-4F1A-9FD4-893B388B4355}"
EndProject
Project("{9A19103F-16F7-4668-BE54-9A1E7A4F7556}") = "KC.Fengniaowu.Eos.ResourceStorage", "KC.Fengniaowu.Eos.ResourceStorage\KC.Fengniaowu.Eos.ResourceStorage.csproj", "{21E32192-0DDF-4F02-AE9C-C5D371385231}"
EndProject
Project("{2150E333-8FDC-42A3-9474-1A3956D46DE8}") = "Tools", "Tools", "{78C97F17-2FD1-41D6-95BF-4BAC5F5C5F17}"
EndProject
Project("{9A19103F-16F7-4668-BE54-9A1E7A4F7556}") = "ConsoleApp1", "ConsoleApp1\ConsoleApp1.csproj", "{536518D7-0F00-44D1-819D-DED6240BD4C1}"
EndProject
Project("{9A19103F-16F7-4668-BE54-9A1E7A4F7556}") = "Foundation.Tools", "Foundation.Tools\Foundation.Tools.csproj", "{DE877777-01BF-4E86-9F78-DB4984FE7EF0}"
EndProject
Project("{FAE04EC0-301F-11D3-BF4B-00C04F79EFBC}") = "DamonHelper", "DamonHelper\DamonHelper.csproj", "{D6CA2B65-C622-4933-87DD-75B75ADA83B2}"
EndProject
Project("{2150E333-8FDC-42A3-9474-1A3956D46DE8}") = "Demo", "Demo", "{3B03A251-B5A8-4207-B152-005CDA594FBE}"
EndProject
Project("{9A19103F-16F7-4668-BE54-9A1E7A4F7556}") = "SignalRDemo", "Demo\SignalRDemo\SignalRDemo.csproj", "{37D053B7-D6F7-47BD-8521-6445E39B7281}"
EndProject
Project("{9A19103F-16F7-4668-BE54-9A1E7A4F7556}") = "SignalRClientDemo", "SignalRClientDemo\SignalRClientDemo.csproj", "{A40BE583-9CF1-4CCB-83F6-F29FCC959DD8}"
EndProject
Project("{9A19103F-16F7-4668-BE54-9A1E7A4F7556}") = "TaskDemo", "Demo\TaskDemo\TaskDemo.csproj", "{5A5B5901-153B-435A-89E0-53AB303A5C5F}"
EndProject
Project("{2150E333-8FDC-42A3-9474-1A3956D46DE8}") = "WebTest", "WebTest", "{389B4B30-EA41-4A6F-AE4A-A0C4E127E1AD}"
EndProject
Project("{FAE04EC0-301F-11D3-BF4B-00C04F79EFBC}") = "WebAndLoadTestProject1", "WebTest\WebAndLoadTestProject1\WebAndLoadTestProject1.csproj", "{B1A101B5-D048-432B-96EF-2B429AD34511}"
EndProject
Project("{9A19103F-16F7-4668-BE54-9A1E7A4F7556}") = "CQ.Logging.Exceptionless", "CQ.Logging.Exceptionless\CQ.Logging.Exceptionless.csproj", "{A04C2C7D-6AF6-458F-B310-A589ECD07CD3}"
EndProject
Project("{9A19103F-16F7-4668-BE54-9A1E7A4F7556}") = "ExceptionlessDemo", "Demo\ExceptionlessDemo\ExceptionlessDemo.csproj", "{2BB35266-3B42-4072-ACA9-B1C6DA4D916E}"
EndProject
Project("{9A19103F-16F7-4668-BE54-9A1E7A4F7556}") = "QuartzDemo", "Demo\QuartzDemo\QuartzDemo.csproj", "{6F7A17C1-28F6-4F04-9CB8-500561994D2F}"
EndProject
Project("{9A19103F-16F7-4668-BE54-9A1E7A4F7556}") = "CQ.Foundation.DynamicLinq", "CQ.Foundation.DynamicLinq\CQ.Foundation.DynamicLinq.csproj", "{725421EA-B1AE-46BC-B662-4E8DC74A9190}"
EndProject
Project("{FAE04EC0-301F-11D3-BF4B-00C04F79EFBC}") = "CQ.Foundation", "CQ.Foundation\CQ.Foundation.csproj", "{818FDB99-1F0B-4BBF-A995-EE73C2572548}"
EndProject
Project("{FAE04EC0-301F-11D3-BF4B-00C04F79EFBC}") = "CQ.Foundation.Console", "CQ.Foundation.Console\CQ.Foundation.Console.csproj", "{2F076738-60D6-46AF-9FFE-5CE3786B75DE}"
EndProject
Global
	GlobalSection(SolutionConfigurationPlatforms) = preSolution
		Debug|Any CPU = Debug|Any CPU
		Debug|x64 = Debug|x64
		Release|Any CPU = Release|Any CPU
		Release|x64 = Release|x64
	EndGlobalSection
	GlobalSection(ProjectConfigurationPlatforms) = postSolution
		{C3889FD6-DA24-4789-8F8F-40DA6F79DAEC}.Debug|Any CPU.ActiveCfg = Debug|Any CPU
		{C3889FD6-DA24-4789-8F8F-40DA6F79DAEC}.Debug|Any CPU.Build.0 = Debug|Any CPU
		{C3889FD6-DA24-4789-8F8F-40DA6F79DAEC}.Debug|x64.ActiveCfg = Debug|Any CPU
		{C3889FD6-DA24-4789-8F8F-40DA6F79DAEC}.Debug|x64.Build.0 = Debug|Any CPU
		{C3889FD6-DA24-4789-8F8F-40DA6F79DAEC}.Release|Any CPU.ActiveCfg = Release|Any CPU
		{C3889FD6-DA24-4789-8F8F-40DA6F79DAEC}.Release|Any CPU.Build.0 = Release|Any CPU
		{C3889FD6-DA24-4789-8F8F-40DA6F79DAEC}.Release|x64.ActiveCfg = Release|Any CPU
		{C3889FD6-DA24-4789-8F8F-40DA6F79DAEC}.Release|x64.Build.0 = Release|Any CPU
		{C0358224-3109-4F78-8AE2-4B4D6EB1C78D}.Debug|Any CPU.ActiveCfg = Debug|Any CPU
		{C0358224-3109-4F78-8AE2-4B4D6EB1C78D}.Debug|Any CPU.Build.0 = Debug|Any CPU
		{C0358224-3109-4F78-8AE2-4B4D6EB1C78D}.Debug|x64.ActiveCfg = Debug|Any CPU
		{C0358224-3109-4F78-8AE2-4B4D6EB1C78D}.Debug|x64.Build.0 = Debug|Any CPU
		{C0358224-3109-4F78-8AE2-4B4D6EB1C78D}.Release|Any CPU.ActiveCfg = Release|Any CPU
		{C0358224-3109-4F78-8AE2-4B4D6EB1C78D}.Release|Any CPU.Build.0 = Release|Any CPU
		{C0358224-3109-4F78-8AE2-4B4D6EB1C78D}.Release|x64.ActiveCfg = Release|Any CPU
		{C0358224-3109-4F78-8AE2-4B4D6EB1C78D}.Release|x64.Build.0 = Release|Any CPU
		{50D84A35-7326-4262-9DE6-A09637F8AD62}.Debug|Any CPU.ActiveCfg = Debug|Any CPU
		{50D84A35-7326-4262-9DE6-A09637F8AD62}.Debug|Any CPU.Build.0 = Debug|Any CPU
		{50D84A35-7326-4262-9DE6-A09637F8AD62}.Debug|x64.ActiveCfg = Debug|Any CPU
		{50D84A35-7326-4262-9DE6-A09637F8AD62}.Debug|x64.Build.0 = Debug|Any CPU
		{50D84A35-7326-4262-9DE6-A09637F8AD62}.Release|Any CPU.ActiveCfg = Release|Any CPU
		{50D84A35-7326-4262-9DE6-A09637F8AD62}.Release|Any CPU.Build.0 = Release|Any CPU
		{50D84A35-7326-4262-9DE6-A09637F8AD62}.Release|x64.ActiveCfg = Release|Any CPU
		{50D84A35-7326-4262-9DE6-A09637F8AD62}.Release|x64.Build.0 = Release|Any CPU
		{5D745768-F9DD-40CB-A9F4-FE44C4062C06}.Debug|Any CPU.ActiveCfg = Debug|Any CPU
		{5D745768-F9DD-40CB-A9F4-FE44C4062C06}.Debug|Any CPU.Build.0 = Debug|Any CPU
		{5D745768-F9DD-40CB-A9F4-FE44C4062C06}.Debug|x64.ActiveCfg = Debug|Any CPU
		{5D745768-F9DD-40CB-A9F4-FE44C4062C06}.Debug|x64.Build.0 = Debug|Any CPU
		{5D745768-F9DD-40CB-A9F4-FE44C4062C06}.Release|Any CPU.ActiveCfg = Release|Any CPU
		{5D745768-F9DD-40CB-A9F4-FE44C4062C06}.Release|Any CPU.Build.0 = Release|Any CPU
		{5D745768-F9DD-40CB-A9F4-FE44C4062C06}.Release|x64.ActiveCfg = Release|Any CPU
		{5D745768-F9DD-40CB-A9F4-FE44C4062C06}.Release|x64.Build.0 = Release|Any CPU
		{EA0D17DE-6269-4EBC-B15A-4E38136E3046}.Debug|Any CPU.ActiveCfg = Debug|Any CPU
		{EA0D17DE-6269-4EBC-B15A-4E38136E3046}.Debug|Any CPU.Build.0 = Debug|Any CPU
		{EA0D17DE-6269-4EBC-B15A-4E38136E3046}.Debug|x64.ActiveCfg = Debug|Any CPU
		{EA0D17DE-6269-4EBC-B15A-4E38136E3046}.Debug|x64.Build.0 = Debug|Any CPU
		{EA0D17DE-6269-4EBC-B15A-4E38136E3046}.Release|Any CPU.ActiveCfg = Release|Any CPU
		{EA0D17DE-6269-4EBC-B15A-4E38136E3046}.Release|Any CPU.Build.0 = Release|Any CPU
		{EA0D17DE-6269-4EBC-B15A-4E38136E3046}.Release|x64.ActiveCfg = Release|Any CPU
		{EA0D17DE-6269-4EBC-B15A-4E38136E3046}.Release|x64.Build.0 = Release|Any CPU
		{2527182B-2101-4790-9DF3-280E21F6CDA1}.Debug|Any CPU.ActiveCfg = Debug|Any CPU
		{2527182B-2101-4790-9DF3-280E21F6CDA1}.Debug|Any CPU.Build.0 = Debug|Any CPU
		{2527182B-2101-4790-9DF3-280E21F6CDA1}.Debug|x64.ActiveCfg = Debug|Any CPU
		{2527182B-2101-4790-9DF3-280E21F6CDA1}.Debug|x64.Build.0 = Debug|Any CPU
		{2527182B-2101-4790-9DF3-280E21F6CDA1}.Release|Any CPU.ActiveCfg = Release|Any CPU
		{2527182B-2101-4790-9DF3-280E21F6CDA1}.Release|Any CPU.Build.0 = Release|Any CPU
		{2527182B-2101-4790-9DF3-280E21F6CDA1}.Release|x64.ActiveCfg = Release|Any CPU
		{2527182B-2101-4790-9DF3-280E21F6CDA1}.Release|x64.Build.0 = Release|Any CPU
		{DA387289-324F-4F76-A94B-8A753415D785}.Debug|Any CPU.ActiveCfg = Debug|Any CPU
		{DA387289-324F-4F76-A94B-8A753415D785}.Debug|Any CPU.Build.0 = Debug|Any CPU
		{DA387289-324F-4F76-A94B-8A753415D785}.Debug|x64.ActiveCfg = Debug|Any CPU
		{DA387289-324F-4F76-A94B-8A753415D785}.Debug|x64.Build.0 = Debug|Any CPU
		{DA387289-324F-4F76-A94B-8A753415D785}.Release|Any CPU.ActiveCfg = Release|Any CPU
		{DA387289-324F-4F76-A94B-8A753415D785}.Release|Any CPU.Build.0 = Release|Any CPU
		{DA387289-324F-4F76-A94B-8A753415D785}.Release|x64.ActiveCfg = Release|Any CPU
		{DA387289-324F-4F76-A94B-8A753415D785}.Release|x64.Build.0 = Release|Any CPU
		{E058E18E-FD0D-4F1A-9FD4-893B388B4355}.Debug|Any CPU.ActiveCfg = Debug|Any CPU
		{E058E18E-FD0D-4F1A-9FD4-893B388B4355}.Debug|Any CPU.Build.0 = Debug|Any CPU
		{E058E18E-FD0D-4F1A-9FD4-893B388B4355}.Debug|x64.ActiveCfg = Debug|Any CPU
		{E058E18E-FD0D-4F1A-9FD4-893B388B4355}.Debug|x64.Build.0 = Debug|Any CPU
		{E058E18E-FD0D-4F1A-9FD4-893B388B4355}.Release|Any CPU.ActiveCfg = Release|Any CPU
		{E058E18E-FD0D-4F1A-9FD4-893B388B4355}.Release|Any CPU.Build.0 = Release|Any CPU
		{E058E18E-FD0D-4F1A-9FD4-893B388B4355}.Release|x64.ActiveCfg = Release|Any CPU
		{E058E18E-FD0D-4F1A-9FD4-893B388B4355}.Release|x64.Build.0 = Release|Any CPU
		{21E32192-0DDF-4F02-AE9C-C5D371385231}.Debug|Any CPU.ActiveCfg = Debug|x64
		{21E32192-0DDF-4F02-AE9C-C5D371385231}.Debug|x64.ActiveCfg = Debug|x64
		{21E32192-0DDF-4F02-AE9C-C5D371385231}.Debug|x64.Build.0 = Debug|x64
		{21E32192-0DDF-4F02-AE9C-C5D371385231}.Release|Any CPU.ActiveCfg = Release|x64
		{21E32192-0DDF-4F02-AE9C-C5D371385231}.Release|x64.ActiveCfg = Release|x64
		{21E32192-0DDF-4F02-AE9C-C5D371385231}.Release|x64.Build.0 = Release|x64
		{536518D7-0F00-44D1-819D-DED6240BD4C1}.Debug|Any CPU.ActiveCfg = Debug|Any CPU
		{536518D7-0F00-44D1-819D-DED6240BD4C1}.Debug|Any CPU.Build.0 = Debug|Any CPU
		{536518D7-0F00-44D1-819D-DED6240BD4C1}.Debug|x64.ActiveCfg = Debug|Any CPU
		{536518D7-0F00-44D1-819D-DED6240BD4C1}.Debug|x64.Build.0 = Debug|Any CPU
		{536518D7-0F00-44D1-819D-DED6240BD4C1}.Release|Any CPU.ActiveCfg = Release|Any CPU
		{536518D7-0F00-44D1-819D-DED6240BD4C1}.Release|Any CPU.Build.0 = Release|Any CPU
		{536518D7-0F00-44D1-819D-DED6240BD4C1}.Release|x64.ActiveCfg = Release|Any CPU
		{536518D7-0F00-44D1-819D-DED6240BD4C1}.Release|x64.Build.0 = Release|Any CPU
		{DE877777-01BF-4E86-9F78-DB4984FE7EF0}.Debug|Any CPU.ActiveCfg = Debug|Any CPU
		{DE877777-01BF-4E86-9F78-DB4984FE7EF0}.Debug|Any CPU.Build.0 = Debug|Any CPU
		{DE877777-01BF-4E86-9F78-DB4984FE7EF0}.Debug|x64.ActiveCfg = Debug|Any CPU
		{DE877777-01BF-4E86-9F78-DB4984FE7EF0}.Debug|x64.Build.0 = Debug|Any CPU
		{DE877777-01BF-4E86-9F78-DB4984FE7EF0}.Release|Any CPU.ActiveCfg = Release|Any CPU
		{DE877777-01BF-4E86-9F78-DB4984FE7EF0}.Release|Any CPU.Build.0 = Release|Any CPU
		{DE877777-01BF-4E86-9F78-DB4984FE7EF0}.Release|x64.ActiveCfg = Release|Any CPU
		{DE877777-01BF-4E86-9F78-DB4984FE7EF0}.Release|x64.Build.0 = Release|Any CPU
		{D6CA2B65-C622-4933-87DD-75B75ADA83B2}.Debug|Any CPU.ActiveCfg = Debug|Any CPU
		{D6CA2B65-C622-4933-87DD-75B75ADA83B2}.Debug|Any CPU.Build.0 = Debug|Any CPU
		{D6CA2B65-C622-4933-87DD-75B75ADA83B2}.Debug|x64.ActiveCfg = Debug|Any CPU
		{D6CA2B65-C622-4933-87DD-75B75ADA83B2}.Debug|x64.Build.0 = Debug|Any CPU
		{D6CA2B65-C622-4933-87DD-75B75ADA83B2}.Release|Any CPU.ActiveCfg = Release|Any CPU
		{D6CA2B65-C622-4933-87DD-75B75ADA83B2}.Release|Any CPU.Build.0 = Release|Any CPU
		{D6CA2B65-C622-4933-87DD-75B75ADA83B2}.Release|x64.ActiveCfg = Release|Any CPU
		{D6CA2B65-C622-4933-87DD-75B75ADA83B2}.Release|x64.Build.0 = Release|Any CPU
		{37D053B7-D6F7-47BD-8521-6445E39B7281}.Debug|Any CPU.ActiveCfg = Debug|Any CPU
		{37D053B7-D6F7-47BD-8521-6445E39B7281}.Debug|Any CPU.Build.0 = Debug|Any CPU
		{37D053B7-D6F7-47BD-8521-6445E39B7281}.Debug|x64.ActiveCfg = Debug|Any CPU
		{37D053B7-D6F7-47BD-8521-6445E39B7281}.Debug|x64.Build.0 = Debug|Any CPU
		{37D053B7-D6F7-47BD-8521-6445E39B7281}.Release|Any CPU.ActiveCfg = Release|Any CPU
		{37D053B7-D6F7-47BD-8521-6445E39B7281}.Release|Any CPU.Build.0 = Release|Any CPU
		{37D053B7-D6F7-47BD-8521-6445E39B7281}.Release|x64.ActiveCfg = Release|Any CPU
		{37D053B7-D6F7-47BD-8521-6445E39B7281}.Release|x64.Build.0 = Release|Any CPU
		{A40BE583-9CF1-4CCB-83F6-F29FCC959DD8}.Debug|Any CPU.ActiveCfg = Debug|Any CPU
		{A40BE583-9CF1-4CCB-83F6-F29FCC959DD8}.Debug|Any CPU.Build.0 = Debug|Any CPU
		{A40BE583-9CF1-4CCB-83F6-F29FCC959DD8}.Debug|x64.ActiveCfg = Debug|Any CPU
		{A40BE583-9CF1-4CCB-83F6-F29FCC959DD8}.Debug|x64.Build.0 = Debug|Any CPU
		{A40BE583-9CF1-4CCB-83F6-F29FCC959DD8}.Release|Any CPU.ActiveCfg = Release|Any CPU
		{A40BE583-9CF1-4CCB-83F6-F29FCC959DD8}.Release|Any CPU.Build.0 = Release|Any CPU
		{A40BE583-9CF1-4CCB-83F6-F29FCC959DD8}.Release|x64.ActiveCfg = Release|Any CPU
		{A40BE583-9CF1-4CCB-83F6-F29FCC959DD8}.Release|x64.Build.0 = Release|Any CPU
		{5A5B5901-153B-435A-89E0-53AB303A5C5F}.Debug|Any CPU.ActiveCfg = Debug|Any CPU
		{5A5B5901-153B-435A-89E0-53AB303A5C5F}.Debug|Any CPU.Build.0 = Debug|Any CPU
		{5A5B5901-153B-435A-89E0-53AB303A5C5F}.Debug|x64.ActiveCfg = Debug|Any CPU
		{5A5B5901-153B-435A-89E0-53AB303A5C5F}.Debug|x64.Build.0 = Debug|Any CPU
		{5A5B5901-153B-435A-89E0-53AB303A5C5F}.Release|Any CPU.ActiveCfg = Release|Any CPU
		{5A5B5901-153B-435A-89E0-53AB303A5C5F}.Release|Any CPU.Build.0 = Release|Any CPU
		{5A5B5901-153B-435A-89E0-53AB303A5C5F}.Release|x64.ActiveCfg = Release|Any CPU
		{5A5B5901-153B-435A-89E0-53AB303A5C5F}.Release|x64.Build.0 = Release|Any CPU
		{B1A101B5-D048-432B-96EF-2B429AD34511}.Debug|Any CPU.ActiveCfg = Debug|Any CPU
		{B1A101B5-D048-432B-96EF-2B429AD34511}.Debug|Any CPU.Build.0 = Debug|Any CPU
		{B1A101B5-D048-432B-96EF-2B429AD34511}.Debug|x64.ActiveCfg = Debug|Any CPU
		{B1A101B5-D048-432B-96EF-2B429AD34511}.Debug|x64.Build.0 = Debug|Any CPU
		{B1A101B5-D048-432B-96EF-2B429AD34511}.Release|Any CPU.ActiveCfg = Release|Any CPU
		{B1A101B5-D048-432B-96EF-2B429AD34511}.Release|Any CPU.Build.0 = Release|Any CPU
		{B1A101B5-D048-432B-96EF-2B429AD34511}.Release|x64.ActiveCfg = Release|Any CPU
		{B1A101B5-D048-432B-96EF-2B429AD34511}.Release|x64.Build.0 = Release|Any CPU
		{A04C2C7D-6AF6-458F-B310-A589ECD07CD3}.Debug|Any CPU.ActiveCfg = Debug|Any CPU
		{A04C2C7D-6AF6-458F-B310-A589ECD07CD3}.Debug|Any CPU.Build.0 = Debug|Any CPU
		{A04C2C7D-6AF6-458F-B310-A589ECD07CD3}.Debug|x64.ActiveCfg = Debug|Any CPU
		{A04C2C7D-6AF6-458F-B310-A589ECD07CD3}.Debug|x64.Build.0 = Debug|Any CPU
		{A04C2C7D-6AF6-458F-B310-A589ECD07CD3}.Release|Any CPU.ActiveCfg = Release|Any CPU
		{A04C2C7D-6AF6-458F-B310-A589ECD07CD3}.Release|Any CPU.Build.0 = Release|Any CPU
		{A04C2C7D-6AF6-458F-B310-A589ECD07CD3}.Release|x64.ActiveCfg = Release|Any CPU
		{A04C2C7D-6AF6-458F-B310-A589ECD07CD3}.Release|x64.Build.0 = Release|Any CPU
		{2BB35266-3B42-4072-ACA9-B1C6DA4D916E}.Debug|Any CPU.ActiveCfg = Debug|Any CPU
		{2BB35266-3B42-4072-ACA9-B1C6DA4D916E}.Debug|Any CPU.Build.0 = Debug|Any CPU
		{2BB35266-3B42-4072-ACA9-B1C6DA4D916E}.Debug|x64.ActiveCfg = Debug|Any CPU
		{2BB35266-3B42-4072-ACA9-B1C6DA4D916E}.Debug|x64.Build.0 = Debug|Any CPU
		{2BB35266-3B42-4072-ACA9-B1C6DA4D916E}.Release|Any CPU.ActiveCfg = Release|Any CPU
		{2BB35266-3B42-4072-ACA9-B1C6DA4D916E}.Release|Any CPU.Build.0 = Release|Any CPU
		{2BB35266-3B42-4072-ACA9-B1C6DA4D916E}.Release|x64.ActiveCfg = Release|Any CPU
		{2BB35266-3B42-4072-ACA9-B1C6DA4D916E}.Release|x64.Build.0 = Release|Any CPU
		{6F7A17C1-28F6-4F04-9CB8-500561994D2F}.Debug|Any CPU.ActiveCfg = Debug|Any CPU
		{6F7A17C1-28F6-4F04-9CB8-500561994D2F}.Debug|Any CPU.Build.0 = Debug|Any CPU
		{6F7A17C1-28F6-4F04-9CB8-500561994D2F}.Debug|x64.ActiveCfg = Debug|Any CPU
		{6F7A17C1-28F6-4F04-9CB8-500561994D2F}.Debug|x64.Build.0 = Debug|Any CPU
		{6F7A17C1-28F6-4F04-9CB8-500561994D2F}.Release|Any CPU.ActiveCfg = Release|Any CPU
		{6F7A17C1-28F6-4F04-9CB8-500561994D2F}.Release|Any CPU.Build.0 = Release|Any CPU
		{6F7A17C1-28F6-4F04-9CB8-500561994D2F}.Release|x64.ActiveCfg = Release|Any CPU
		{6F7A17C1-28F6-4F04-9CB8-500561994D2F}.Release|x64.Build.0 = Release|Any CPU
		{725421EA-B1AE-46BC-B662-4E8DC74A9190}.Debug|Any CPU.ActiveCfg = Debug|Any CPU
		{725421EA-B1AE-46BC-B662-4E8DC74A9190}.Debug|Any CPU.Build.0 = Debug|Any CPU
		{725421EA-B1AE-46BC-B662-4E8DC74A9190}.Debug|x64.ActiveCfg = Debug|Any CPU
		{725421EA-B1AE-46BC-B662-4E8DC74A9190}.Debug|x64.Build.0 = Debug|Any CPU
		{725421EA-B1AE-46BC-B662-4E8DC74A9190}.Release|Any CPU.ActiveCfg = Release|Any CPU
		{725421EA-B1AE-46BC-B662-4E8DC74A9190}.Release|Any CPU.Build.0 = Release|Any CPU
		{725421EA-B1AE-46BC-B662-4E8DC74A9190}.Release|x64.ActiveCfg = Release|Any CPU
		{725421EA-B1AE-46BC-B662-4E8DC74A9190}.Release|x64.Build.0 = Release|Any CPU
		{818FDB99-1F0B-4BBF-A995-EE73C2572548}.Debug|Any CPU.ActiveCfg = Debug|Any CPU
		{818FDB99-1F0B-4BBF-A995-EE73C2572548}.Debug|Any CPU.Build.0 = Debug|Any CPU
		{818FDB99-1F0B-4BBF-A995-EE73C2572548}.Debug|x64.ActiveCfg = Debug|Any CPU
		{818FDB99-1F0B-4BBF-A995-EE73C2572548}.Debug|x64.Build.0 = Debug|Any CPU
		{818FDB99-1F0B-4BBF-A995-EE73C2572548}.Release|Any CPU.ActiveCfg = Release|Any CPU
		{818FDB99-1F0B-4BBF-A995-EE73C2572548}.Release|Any CPU.Build.0 = Release|Any CPU
		{818FDB99-1F0B-4BBF-A995-EE73C2572548}.Release|x64.ActiveCfg = Release|Any CPU
		{818FDB99-1F0B-4BBF-A995-EE73C2572548}.Release|x64.Build.0 = Release|Any CPU
		{2F076738-60D6-46AF-9FFE-5CE3786B75DE}.Debug|Any CPU.ActiveCfg = Debug|Any CPU
		{2F076738-60D6-46AF-9FFE-5CE3786B75DE}.Debug|Any CPU.Build.0 = Debug|Any CPU
		{2F076738-60D6-46AF-9FFE-5CE3786B75DE}.Debug|x64.ActiveCfg = Debug|Any CPU
		{2F076738-60D6-46AF-9FFE-5CE3786B75DE}.Debug|x64.Build.0 = Debug|Any CPU
		{2F076738-60D6-46AF-9FFE-5CE3786B75DE}.Release|Any CPU.ActiveCfg = Release|Any CPU
		{2F076738-60D6-46AF-9FFE-5CE3786B75DE}.Release|Any CPU.Build.0 = Release|Any CPU
		{2F076738-60D6-46AF-9FFE-5CE3786B75DE}.Release|x64.ActiveCfg = Release|Any CPU
		{2F076738-60D6-46AF-9FFE-5CE3786B75DE}.Release|x64.Build.0 = Release|Any CPU
	EndGlobalSection
	GlobalSection(SolutionProperties) = preSolution
		HideSolutionNode = FALSE
	EndGlobalSection
	GlobalSection(NestedProjects) = preSolution
		{536518D7-0F00-44D1-819D-DED6240BD4C1} = {78C97F17-2FD1-41D6-95BF-4BAC5F5C5F17}
		{DE877777-01BF-4E86-9F78-DB4984FE7EF0} = {78C97F17-2FD1-41D6-95BF-4BAC5F5C5F17}
		{D6CA2B65-C622-4933-87DD-75B75ADA83B2} = {78C97F17-2FD1-41D6-95BF-4BAC5F5C5F17}
		{37D053B7-D6F7-47BD-8521-6445E39B7281} = {3B03A251-B5A8-4207-B152-005CDA594FBE}
		{A40BE583-9CF1-4CCB-83F6-F29FCC959DD8} = {3B03A251-B5A8-4207-B152-005CDA594FBE}
		{5A5B5901-153B-435A-89E0-53AB303A5C5F} = {3B03A251-B5A8-4207-B152-005CDA594FBE}
		{B1A101B5-D048-432B-96EF-2B429AD34511} = {389B4B30-EA41-4A6F-AE4A-A0C4E127E1AD}
		{A04C2C7D-6AF6-458F-B310-A589ECD07CD3} = {78C97F17-2FD1-41D6-95BF-4BAC5F5C5F17}
		{2BB35266-3B42-4072-ACA9-B1C6DA4D916E} = {3B03A251-B5A8-4207-B152-005CDA594FBE}
		{6F7A17C1-28F6-4F04-9CB8-500561994D2F} = {3B03A251-B5A8-4207-B152-005CDA594FBE}
		{725421EA-B1AE-46BC-B662-4E8DC74A9190} = {78C97F17-2FD1-41D6-95BF-4BAC5F5C5F17}
		{818FDB99-1F0B-4BBF-A995-EE73C2572548} = {78C97F17-2FD1-41D6-95BF-4BAC5F5C5F17}
	EndGlobalSection
	GlobalSection(ExtensibilityGlobals) = postSolution
		SolutionGuid = {FE51C28F-F56C-478A-AAFB-7FC42E56516D}
	EndGlobalSection
EndGlobal
