
Microsoft Visual Studio Solution File, Format Version 12.00
# Visual Studio 15
VisualStudioVersion = 15.0.27130.2036
MinimumVisualStudioVersion = 10.0.40219.1
Project("{2150E333-8FDC-42A3-9474-1A3956D46DE8}") = "Solution Items", "Solution Items", "{4C0EFB77-3BEB-4B8A-9C4A-0D8D6F9ED134}"
	ProjectSection(SolutionItems) = preProject
		Readme.txt = Readme.txt
	EndProjectSection
EndProject
Project("{9A19103F-16F7-4668-BE54-9A1E7A4F7556}") = "OutputConsole", "OutputConsole\OutputConsole.csproj", "{C3889FD6-DA24-4789-8F8F-40DA6F79DAEC}"
EndProject
Project("{FAE04EC0-301F-11D3-BF4B-00C04F79EFBC}") = "MenuExtension", "MenuExtension\MenuExtension.csproj", "{861D0FC0-BC49-4B5D-AADC-E7CF9C017021}"
EndProject
Project("{FAE04EC0-301F-11D3-BF4B-00C04F79EFBC}") = "SFVersionTool", "SFVersionTool\SFVersionTool.csproj", "{C0358224-3109-4F78-8AE2-4B4D6EB1C78D}"
EndProject
Project("{9A19103F-16F7-4668-BE54-9A1E7A4F7556}") = "ExcelConsole", "ExcelConsole\ExcelConsole.csproj", "{50D84A35-7326-4262-9DE6-A09637F8AD62}"
EndProject
Project("{2150E333-8FDC-42A3-9474-1A3956D46DE8}") = "Test", "Test", "{11E2DD7E-C2CC-47DA-A378-F85BAD2D1378}"
EndProject
Project("{FAE04EC0-301F-11D3-BF4B-00C04F79EFBC}") = "EFCoreTest", "EFCoreTest\EFCoreTest.csproj", "{CD5BDF22-6526-4A3A-AA30-8FA02AF34523}"
EndProject
Global
	GlobalSection(SolutionConfigurationPlatforms) = preSolution
		Debug|Any CPU = Debug|Any CPU
		Release|Any CPU = Release|Any CPU
	EndGlobalSection
	GlobalSection(ProjectConfigurationPlatforms) = postSolution
		{C3889FD6-DA24-4789-8F8F-40DA6F79DAEC}.Debug|Any CPU.ActiveCfg = Debug|Any CPU
		{C3889FD6-DA24-4789-8F8F-40DA6F79DAEC}.Debug|Any CPU.Build.0 = Debug|Any CPU
		{C3889FD6-DA24-4789-8F8F-40DA6F79DAEC}.Release|Any CPU.ActiveCfg = Release|Any CPU
		{C3889FD6-DA24-4789-8F8F-40DA6F79DAEC}.Release|Any CPU.Build.0 = Release|Any CPU
		{861D0FC0-BC49-4B5D-AADC-E7CF9C017021}.Debug|Any CPU.ActiveCfg = Debug|Any CPU
		{861D0FC0-BC49-4B5D-AADC-E7CF9C017021}.Debug|Any CPU.Build.0 = Debug|Any CPU
		{861D0FC0-BC49-4B5D-AADC-E7CF9C017021}.Release|Any CPU.ActiveCfg = Release|Any CPU
		{861D0FC0-BC49-4B5D-AADC-E7CF9C017021}.Release|Any CPU.Build.0 = Release|Any CPU
		{C0358224-3109-4F78-8AE2-4B4D6EB1C78D}.Debug|Any CPU.ActiveCfg = Debug|Any CPU
		{C0358224-3109-4F78-8AE2-4B4D6EB1C78D}.Debug|Any CPU.Build.0 = Debug|Any CPU
		{C0358224-3109-4F78-8AE2-4B4D6EB1C78D}.Release|Any CPU.ActiveCfg = Release|Any CPU
		{C0358224-3109-4F78-8AE2-4B4D6EB1C78D}.Release|Any CPU.Build.0 = Release|Any CPU
		{50D84A35-7326-4262-9DE6-A09637F8AD62}.Debug|Any CPU.ActiveCfg = Debug|Any CPU
		{50D84A35-7326-4262-9DE6-A09637F8AD62}.Debug|Any CPU.Build.0 = Debug|Any CPU
		{50D84A35-7326-4262-9DE6-A09637F8AD62}.Release|Any CPU.ActiveCfg = Release|Any CPU
		{50D84A35-7326-4262-9DE6-A09637F8AD62}.Release|Any CPU.Build.0 = Release|Any CPU
		{CD5BDF22-6526-4A3A-AA30-8FA02AF34523}.Debug|Any CPU.ActiveCfg = Debug|Any CPU
		{CD5BDF22-6526-4A3A-AA30-8FA02AF34523}.Debug|Any CPU.Build.0 = Debug|Any CPU
		{CD5BDF22-6526-4A3A-AA30-8FA02AF34523}.Release|Any CPU.ActiveCfg = Release|Any CPU
		{CD5BDF22-6526-4A3A-AA30-8FA02AF34523}.Release|Any CPU.Build.0 = Release|Any CPU
	EndGlobalSection
	GlobalSection(SolutionProperties) = preSolution
		HideSolutionNode = FALSE
	EndGlobalSection
	GlobalSection(NestedProjects) = preSolution
		{CD5BDF22-6526-4A3A-AA30-8FA02AF34523} = {11E2DD7E-C2CC-47DA-A378-F85BAD2D1378}
	EndGlobalSection
	GlobalSection(ExtensibilityGlobals) = postSolution
		SolutionGuid = {FE51C28F-F56C-478A-AAFB-7FC42E56516D}
	EndGlobalSection
EndGlobal
